// !$*UTF8*$!
{
	archiveVersion = 1;
	classes = {
	};
	objectVersion = 46;
	objects = {

/* Begin PBXBuildFile section */
		0476475E1E2F59FD00642581 /* Main.storyboard in Resources */ = {isa = PBXBuildFile; fileRef = 0476475C1E2F59FD00642581 /* Main.storyboard */; };
		047647601E2F59FD00642581 /* Assets.xcassets in Resources */ = {isa = PBXBuildFile; fileRef = 0476475F1E2F59FD00642581 /* Assets.xcassets */; };
		047647631E2F59FD00642581 /* LaunchScreen.storyboard in Resources */ = {isa = PBXBuildFile; fileRef = 047647611E2F59FD00642581 /* LaunchScreen.storyboard */; };
		0476477F1E2F618A00642581 /* AppDelegate.m in Sources */ = {isa = PBXBuildFile; fileRef = 047647751E2F618A00642581 /* AppDelegate.m */; };
		047647801E2F618A00642581 /* Info.plist in Resources */ = {isa = PBXBuildFile; fileRef = 047647761E2F618A00642581 /* Info.plist */; };
		047647811E2F618A00642581 /* main.m in Sources */ = {isa = PBXBuildFile; fileRef = 047647771E2F618A00642581 /* main.m */; };
		047647821E2F618A00642581 /* ViewController.m in Sources */ = {isa = PBXBuildFile; fileRef = 047647791E2F618A00642581 /* ViewController.m */; };
		0476478A1E2F675C00642581 /* BaseViewController.m in Sources */ = {isa = PBXBuildFile; fileRef = 047647891E2F675C00642581 /* BaseViewController.m */; };
		0476478D1E2F676A00642581 /* BaseModel.m in Sources */ = {isa = PBXBuildFile; fileRef = 0476478C1E2F676A00642581 /* BaseModel.m */; };
		047647901E2F677C00642581 /* BaseView.m in Sources */ = {isa = PBXBuildFile; fileRef = 0476478F1E2F677C00642581 /* BaseView.m */; };
		047647931E2F679800642581 /* MainViewController.m in Sources */ = {isa = PBXBuildFile; fileRef = 047647921E2F679800642581 /* MainViewController.m */; };
		047647991E2F69FC00642581 /* TwoChatroomVc.m in Sources */ = {isa = PBXBuildFile; fileRef = 047647981E2F69FC00642581 /* TwoChatroomVc.m */; };
		0476479C1E2F6A0C00642581 /* ThreeChatroomVc.m in Sources */ = {isa = PBXBuildFile; fileRef = 0476479B1E2F6A0C00642581 /* ThreeChatroomVc.m */; };
		0476479F1E2F6A4E00642581 /* HerNameView.m in Sources */ = {isa = PBXBuildFile; fileRef = 0476479E1E2F6A4E00642581 /* HerNameView.m */; };
		047647FE1E2F7C6D00642581 /* ShowHintView.m in Sources */ = {isa = PBXBuildFile; fileRef = 047647FD1E2F7C6D00642581 /* ShowHintView.m */; };
		047648021E2F7EA900642581 /* UIColor+Colors.m in Sources */ = {isa = PBXBuildFile; fileRef = 047648011E2F7EA900642581 /* UIColor+Colors.m */; };
		047648051E30559F00642581 /* HerTipsView.m in Sources */ = {isa = PBXBuildFile; fileRef = 047648041E30559E00642581 /* HerTipsView.m */; };
		047648081E3058F300642581 /* UIImage+Images.m in Sources */ = {isa = PBXBuildFile; fileRef = 047648071E3058F300642581 /* UIImage+Images.m */; };
		0EFEAE75863C75FB57ADB519 /* libPods-her..a in Frameworks */ = {isa = PBXBuildFile; fileRef = 4F3BB22934BE7E4E8BE3234B /* libPods-her..a */; };
		411497861E45BC7B000F4DA4 /* OldPlayerViewController.m in Sources */ = {isa = PBXBuildFile; fileRef = 411497851E45BC7B000F4DA4 /* OldPlayerViewController.m */; };
		4114978C1E45BCCD000F4DA4 /* HerUserInfo.m in Sources */ = {isa = PBXBuildFile; fileRef = 4114978B1E45BCCD000F4DA4 /* HerUserInfo.m */; };
		4114978F1E45C002000F4DA4 /* FriendsCell.m in Sources */ = {isa = PBXBuildFile; fileRef = 4114978E1E45C002000F4DA4 /* FriendsCell.m */; };
		41156CA81E4AB4E400B5C498 /* ChatFocusListView.m in Sources */ = {isa = PBXBuildFile; fileRef = 41156CA71E4AB4E400B5C498 /* ChatFocusListView.m */; };
		411586841E48937B004AAC81 /* FindAnimationView.m in Sources */ = {isa = PBXBuildFile; fileRef = 411586831E48937B004AAC81 /* FindAnimationView.m */; };
		411586871E489585004AAC81 /* FindingView.m in Sources */ = {isa = PBXBuildFile; fileRef = 411586861E489585004AAC81 /* FindingView.m */; };
		4115868D1E4960C9004AAC81 /* TwoChatToolView.m in Sources */ = {isa = PBXBuildFile; fileRef = 4115868C1E4960C9004AAC81 /* TwoChatToolView.m */; };
		412135D91E48704D0084D966 /* ReportViewController.m in Sources */ = {isa = PBXBuildFile; fileRef = 412135D81E48704D0084D966 /* ReportViewController.m */; };
		413716D71E5AF5D70001F251 /* ChangeSoundAnimationView.m in Sources */ = {isa = PBXBuildFile; fileRef = 413716D61E5AF5D70001F251 /* ChangeSoundAnimationView.m */; };
		413716DA1E5AFC350001F251 /* SliderCutSongView.m in Sources */ = {isa = PBXBuildFile; fileRef = 413716D91E5AFC350001F251 /* SliderCutSongView.m */; };
		413716DD1E5AFE660001F251 /* HUDBaseView.m in Sources */ = {isa = PBXBuildFile; fileRef = 413716DC1E5AFE660001F251 /* HUDBaseView.m */; };
		41854A6F1E48119A00B91BD0 /* LookHerAgainView.m in Sources */ = {isa = PBXBuildFile; fileRef = 41854A6E1E48119A00B91BD0 /* LookHerAgainView.m */; };
		41854A721E4822AA00B91BD0 /* FightFailedViewController.m in Sources */ = {isa = PBXBuildFile; fileRef = 41854A711E4822AA00B91BD0 /* FightFailedViewController.m */; };
		41854A751E4823E200B91BD0 /* SystemMessageTableView.m in Sources */ = {isa = PBXBuildFile; fileRef = 41854A741E4823E200B91BD0 /* SystemMessageTableView.m */; };
		41854A781E48240B00B91BD0 /* SystemMessageTableViewCell.m in Sources */ = {isa = PBXBuildFile; fileRef = 41854A771E48240B00B91BD0 /* SystemMessageTableViewCell.m */; };
		418DCB3A1E4852F400035FC6 /* SMTableViewInterceptor.m in Sources */ = {isa = PBXBuildFile; fileRef = 418DCB391E4852F400035FC6 /* SMTableViewInterceptor.m */; };
		41ED79DF1E30E05100488730 /* FriendsView.m in Sources */ = {isa = PBXBuildFile; fileRef = 41ED79DE1E30E05100488730 /* FriendsView.m */; };
		41F8B47E1E5A9111006E83B4 /* AddFocusCell.m in Sources */ = {isa = PBXBuildFile; fileRef = 41F8B47C1E5A9111006E83B4 /* AddFocusCell.m */; };
		41F8B4861E5A914D006E83B4 /* DeleFocusCell.m in Sources */ = {isa = PBXBuildFile; fileRef = 41F8B4841E5A914D006E83B4 /* DeleFocusCell.m */; };
/* End PBXBuildFile section */

/* Begin PBXFileReference section */
		047647501E2F59FC00642581 /* her..app */ = {isa = PBXFileReference; explicitFileType = wrapper.application; includeInIndex = 0; path = her..app; sourceTree = BUILT_PRODUCTS_DIR; };
		0476475D1E2F59FD00642581 /* Base */ = {isa = PBXFileReference; lastKnownFileType = file.storyboard; name = Base; path = Base.lproj/Main.storyboard; sourceTree = "<group>"; };
		0476475F1E2F59FD00642581 /* Assets.xcassets */ = {isa = PBXFileReference; lastKnownFileType = folder.assetcatalog; path = Assets.xcassets; sourceTree = "<group>"; };
		047647621E2F59FD00642581 /* Base */ = {isa = PBXFileReference; lastKnownFileType = file.storyboard; name = Base; path = Base.lproj/LaunchScreen.storyboard; sourceTree = "<group>"; };
		047647741E2F618A00642581 /* AppDelegate.h */ = {isa = PBXFileReference; fileEncoding = 4; lastKnownFileType = sourcecode.c.h; path = AppDelegate.h; sourceTree = "<group>"; };
		047647751E2F618A00642581 /* AppDelegate.m */ = {isa = PBXFileReference; fileEncoding = 4; lastKnownFileType = sourcecode.c.objc; path = AppDelegate.m; sourceTree = "<group>"; };
		047647761E2F618A00642581 /* Info.plist */ = {isa = PBXFileReference; fileEncoding = 4; lastKnownFileType = text.plist.xml; path = Info.plist; sourceTree = "<group>"; };
		047647771E2F618A00642581 /* main.m */ = {isa = PBXFileReference; fileEncoding = 4; lastKnownFileType = sourcecode.c.objc; path = main.m; sourceTree = "<group>"; };
		047647781E2F618A00642581 /* ViewController.h */ = {isa = PBXFileReference; fileEncoding = 4; lastKnownFileType = sourcecode.c.h; path = ViewController.h; sourceTree = "<group>"; };
		047647791E2F618A00642581 /* ViewController.m */ = {isa = PBXFileReference; fileEncoding = 4; lastKnownFileType = sourcecode.c.objc; path = ViewController.m; sourceTree = "<group>"; };
		047647831E2F642100642581 /* herPCH.pch */ = {isa = PBXFileReference; lastKnownFileType = sourcecode.c.h; path = herPCH.pch; sourceTree = "<group>"; };
		047647881E2F675C00642581 /* BaseViewController.h */ = {isa = PBXFileReference; fileEncoding = 4; lastKnownFileType = sourcecode.c.h; path = BaseViewController.h; sourceTree = "<group>"; };
		047647891E2F675C00642581 /* BaseViewController.m */ = {isa = PBXFileReference; fileEncoding = 4; lastKnownFileType = sourcecode.c.objc; path = BaseViewController.m; sourceTree = "<group>"; };
		0476478B1E2F676A00642581 /* BaseModel.h */ = {isa = PBXFileReference; fileEncoding = 4; lastKnownFileType = sourcecode.c.h; path = BaseModel.h; sourceTree = "<group>"; };
		0476478C1E2F676A00642581 /* BaseModel.m */ = {isa = PBXFileReference; fileEncoding = 4; lastKnownFileType = sourcecode.c.objc; path = BaseModel.m; sourceTree = "<group>"; };
		0476478E1E2F677C00642581 /* BaseView.h */ = {isa = PBXFileReference; fileEncoding = 4; lastKnownFileType = sourcecode.c.h; path = BaseView.h; sourceTree = "<group>"; };
		0476478F1E2F677C00642581 /* BaseView.m */ = {isa = PBXFileReference; fileEncoding = 4; lastKnownFileType = sourcecode.c.objc; path = BaseView.m; sourceTree = "<group>"; };
		047647911E2F679800642581 /* MainViewController.h */ = {isa = PBXFileReference; fileEncoding = 4; lastKnownFileType = sourcecode.c.h; path = MainViewController.h; sourceTree = "<group>"; };
		047647921E2F679800642581 /* MainViewController.m */ = {isa = PBXFileReference; fileEncoding = 4; lastKnownFileType = sourcecode.c.objc; path = MainViewController.m; sourceTree = "<group>"; };
		047647971E2F69FC00642581 /* TwoChatroomVc.h */ = {isa = PBXFileReference; fileEncoding = 4; lastKnownFileType = sourcecode.c.h; path = TwoChatroomVc.h; sourceTree = "<group>"; };
		047647981E2F69FC00642581 /* TwoChatroomVc.m */ = {isa = PBXFileReference; fileEncoding = 4; lastKnownFileType = sourcecode.c.objc; path = TwoChatroomVc.m; sourceTree = "<group>"; };
		0476479A1E2F6A0C00642581 /* ThreeChatroomVc.h */ = {isa = PBXFileReference; fileEncoding = 4; lastKnownFileType = sourcecode.c.h; path = ThreeChatroomVc.h; sourceTree = "<group>"; };
		0476479B1E2F6A0C00642581 /* ThreeChatroomVc.m */ = {isa = PBXFileReference; fileEncoding = 4; lastKnownFileType = sourcecode.c.objc; path = ThreeChatroomVc.m; sourceTree = "<group>"; };
		0476479D1E2F6A4E00642581 /* HerNameView.h */ = {isa = PBXFileReference; fileEncoding = 4; lastKnownFileType = sourcecode.c.h; path = HerNameView.h; sourceTree = "<group>"; };
		0476479E1E2F6A4E00642581 /* HerNameView.m */ = {isa = PBXFileReference; fileEncoding = 4; lastKnownFileType = sourcecode.c.objc; path = HerNameView.m; sourceTree = "<group>"; };
		047647FC1E2F7C6D00642581 /* ShowHintView.h */ = {isa = PBXFileReference; fileEncoding = 4; lastKnownFileType = sourcecode.c.h; path = ShowHintView.h; sourceTree = "<group>"; };
		047647FD1E2F7C6D00642581 /* ShowHintView.m */ = {isa = PBXFileReference; fileEncoding = 4; lastKnownFileType = sourcecode.c.objc; path = ShowHintView.m; sourceTree = "<group>"; };
		047648001E2F7EA900642581 /* UIColor+Colors.h */ = {isa = PBXFileReference; fileEncoding = 4; lastKnownFileType = sourcecode.c.h; path = "UIColor+Colors.h"; sourceTree = "<group>"; };
		047648011E2F7EA900642581 /* UIColor+Colors.m */ = {isa = PBXFileReference; fileEncoding = 4; lastKnownFileType = sourcecode.c.objc; path = "UIColor+Colors.m"; sourceTree = "<group>"; };
		047648031E30559E00642581 /* HerTipsView.h */ = {isa = PBXFileReference; fileEncoding = 4; lastKnownFileType = sourcecode.c.h; path = HerTipsView.h; sourceTree = "<group>"; };
		047648041E30559E00642581 /* HerTipsView.m */ = {isa = PBXFileReference; fileEncoding = 4; lastKnownFileType = sourcecode.c.objc; path = HerTipsView.m; sourceTree = "<group>"; };
		047648061E3058F300642581 /* UIImage+Images.h */ = {isa = PBXFileReference; fileEncoding = 4; lastKnownFileType = sourcecode.c.h; path = "UIImage+Images.h"; sourceTree = "<group>"; };
		047648071E3058F300642581 /* UIImage+Images.m */ = {isa = PBXFileReference; fileEncoding = 4; lastKnownFileType = sourcecode.c.objc; path = "UIImage+Images.m"; sourceTree = "<group>"; };
		308C48C2EF02293DD8509C18 /* Pods-her..debug.xcconfig */ = {isa = PBXFileReference; includeInIndex = 1; lastKnownFileType = text.xcconfig; name = "Pods-her..debug.xcconfig"; path = "Pods/Target Support Files/Pods-her./Pods-her..debug.xcconfig"; sourceTree = "<group>"; };
		411497841E45BC7B000F4DA4 /* OldPlayerViewController.h */ = {isa = PBXFileReference; fileEncoding = 4; lastKnownFileType = sourcecode.c.h; path = OldPlayerViewController.h; sourceTree = "<group>"; };
		411497851E45BC7B000F4DA4 /* OldPlayerViewController.m */ = {isa = PBXFileReference; fileEncoding = 4; lastKnownFileType = sourcecode.c.objc; path = OldPlayerViewController.m; sourceTree = "<group>"; };
		4114978A1E45BCCD000F4DA4 /* HerUserInfo.h */ = {isa = PBXFileReference; fileEncoding = 4; lastKnownFileType = sourcecode.c.h; path = HerUserInfo.h; sourceTree = "<group>"; };
		4114978B1E45BCCD000F4DA4 /* HerUserInfo.m */ = {isa = PBXFileReference; fileEncoding = 4; lastKnownFileType = sourcecode.c.objc; path = HerUserInfo.m; sourceTree = "<group>"; };
		4114978D1E45C002000F4DA4 /* FriendsCell.h */ = {isa = PBXFileReference; fileEncoding = 4; lastKnownFileType = sourcecode.c.h; path = FriendsCell.h; sourceTree = "<group>"; };
		4114978E1E45C002000F4DA4 /* FriendsCell.m */ = {isa = PBXFileReference; fileEncoding = 4; lastKnownFileType = sourcecode.c.objc; path = FriendsCell.m; sourceTree = "<group>"; };
		41156CA61E4AB4E400B5C498 /* ChatFocusListView.h */ = {isa = PBXFileReference; fileEncoding = 4; lastKnownFileType = sourcecode.c.h; path = ChatFocusListView.h; sourceTree = "<group>"; };
		41156CA71E4AB4E400B5C498 /* ChatFocusListView.m */ = {isa = PBXFileReference; fileEncoding = 4; lastKnownFileType = sourcecode.c.objc; path = ChatFocusListView.m; sourceTree = "<group>"; };
		411586821E48937B004AAC81 /* FindAnimationView.h */ = {isa = PBXFileReference; fileEncoding = 4; lastKnownFileType = sourcecode.c.h; path = FindAnimationView.h; sourceTree = "<group>"; };
		411586831E48937B004AAC81 /* FindAnimationView.m */ = {isa = PBXFileReference; fileEncoding = 4; lastKnownFileType = sourcecode.c.objc; path = FindAnimationView.m; sourceTree = "<group>"; };
		411586851E489585004AAC81 /* FindingView.h */ = {isa = PBXFileReference; fileEncoding = 4; lastKnownFileType = sourcecode.c.h; path = FindingView.h; sourceTree = "<group>"; };
		411586861E489585004AAC81 /* FindingView.m */ = {isa = PBXFileReference; fileEncoding = 4; lastKnownFileType = sourcecode.c.objc; path = FindingView.m; sourceTree = "<group>"; };
		4115868B1E4960C9004AAC81 /* TwoChatToolView.h */ = {isa = PBXFileReference; fileEncoding = 4; lastKnownFileType = sourcecode.c.h; path = TwoChatToolView.h; sourceTree = "<group>"; };
		4115868C1E4960C9004AAC81 /* TwoChatToolView.m */ = {isa = PBXFileReference; fileEncoding = 4; lastKnownFileType = sourcecode.c.objc; path = TwoChatToolView.m; sourceTree = "<group>"; };
		412135D71E48704D0084D966 /* ReportViewController.h */ = {isa = PBXFileReference; fileEncoding = 4; lastKnownFileType = sourcecode.c.h; path = ReportViewController.h; sourceTree = "<group>"; };
		412135D81E48704D0084D966 /* ReportViewController.m */ = {isa = PBXFileReference; fileEncoding = 4; lastKnownFileType = sourcecode.c.objc; path = ReportViewController.m; sourceTree = "<group>"; };
		413716D51E5AF5D70001F251 /* ChangeSoundAnimationView.h */ = {isa = PBXFileReference; fileEncoding = 4; lastKnownFileType = sourcecode.c.h; path = ChangeSoundAnimationView.h; sourceTree = "<group>"; };
		413716D61E5AF5D70001F251 /* ChangeSoundAnimationView.m */ = {isa = PBXFileReference; fileEncoding = 4; lastKnownFileType = sourcecode.c.objc; path = ChangeSoundAnimationView.m; sourceTree = "<group>"; };
		413716D81E5AFC350001F251 /* SliderCutSongView.h */ = {isa = PBXFileReference; fileEncoding = 4; lastKnownFileType = sourcecode.c.h; path = SliderCutSongView.h; sourceTree = "<group>"; };
		413716D91E5AFC350001F251 /* SliderCutSongView.m */ = {isa = PBXFileReference; fileEncoding = 4; lastKnownFileType = sourcecode.c.objc; path = SliderCutSongView.m; sourceTree = "<group>"; };
		413716DB1E5AFE660001F251 /* HUDBaseView.h */ = {isa = PBXFileReference; fileEncoding = 4; lastKnownFileType = sourcecode.c.h; path = HUDBaseView.h; sourceTree = "<group>"; };
		413716DC1E5AFE660001F251 /* HUDBaseView.m */ = {isa = PBXFileReference; fileEncoding = 4; lastKnownFileType = sourcecode.c.objc; path = HUDBaseView.m; sourceTree = "<group>"; };
		41854A6D1E48119A00B91BD0 /* LookHerAgainView.h */ = {isa = PBXFileReference; fileEncoding = 4; lastKnownFileType = sourcecode.c.h; path = LookHerAgainView.h; sourceTree = "<group>"; };
		41854A6E1E48119A00B91BD0 /* LookHerAgainView.m */ = {isa = PBXFileReference; fileEncoding = 4; lastKnownFileType = sourcecode.c.objc; path = LookHerAgainView.m; sourceTree = "<group>"; };
		41854A701E4822AA00B91BD0 /* FightFailedViewController.h */ = {isa = PBXFileReference; fileEncoding = 4; lastKnownFileType = sourcecode.c.h; path = FightFailedViewController.h; sourceTree = "<group>"; };
		41854A711E4822AA00B91BD0 /* FightFailedViewController.m */ = {isa = PBXFileReference; fileEncoding = 4; lastKnownFileType = sourcecode.c.objc; path = FightFailedViewController.m; sourceTree = "<group>"; };
		41854A731E4823E200B91BD0 /* SystemMessageTableView.h */ = {isa = PBXFileReference; fileEncoding = 4; lastKnownFileType = sourcecode.c.h; path = SystemMessageTableView.h; sourceTree = "<group>"; };
		41854A741E4823E200B91BD0 /* SystemMessageTableView.m */ = {isa = PBXFileReference; fileEncoding = 4; lastKnownFileType = sourcecode.c.objc; path = SystemMessageTableView.m; sourceTree = "<group>"; };
		41854A761E48240B00B91BD0 /* SystemMessageTableViewCell.h */ = {isa = PBXFileReference; fileEncoding = 4; lastKnownFileType = sourcecode.c.h; path = SystemMessageTableViewCell.h; sourceTree = "<group>"; };
		41854A771E48240B00B91BD0 /* SystemMessageTableViewCell.m */ = {isa = PBXFileReference; fileEncoding = 4; lastKnownFileType = sourcecode.c.objc; path = SystemMessageTableViewCell.m; sourceTree = "<group>"; };
		418DCB381E4852F400035FC6 /* SMTableViewInterceptor.h */ = {isa = PBXFileReference; fileEncoding = 4; lastKnownFileType = sourcecode.c.h; path = SMTableViewInterceptor.h; sourceTree = "<group>"; };
		418DCB391E4852F400035FC6 /* SMTableViewInterceptor.m */ = {isa = PBXFileReference; fileEncoding = 4; lastKnownFileType = sourcecode.c.objc; path = SMTableViewInterceptor.m; sourceTree = "<group>"; };
		41ED79DD1E30E05100488730 /* FriendsView.h */ = {isa = PBXFileReference; fileEncoding = 4; lastKnownFileType = sourcecode.c.h; path = FriendsView.h; sourceTree = "<group>"; };
		41ED79DE1E30E05100488730 /* FriendsView.m */ = {isa = PBXFileReference; fileEncoding = 4; lastKnownFileType = sourcecode.c.objc; path = FriendsView.m; sourceTree = "<group>"; };
		41F8B47B1E5A9111006E83B4 /* AddFocusCell.h */ = {isa = PBXFileReference; fileEncoding = 4; lastKnownFileType = sourcecode.c.h; path = AddFocusCell.h; sourceTree = "<group>"; };
		41F8B47C1E5A9111006E83B4 /* AddFocusCell.m */ = {isa = PBXFileReference; fileEncoding = 4; lastKnownFileType = sourcecode.c.objc; path = AddFocusCell.m; sourceTree = "<group>"; };
		41F8B4831E5A914D006E83B4 /* DeleFocusCell.h */ = {isa = PBXFileReference; fileEncoding = 4; lastKnownFileType = sourcecode.c.h; path = DeleFocusCell.h; sourceTree = "<group>"; };
		41F8B4841E5A914D006E83B4 /* DeleFocusCell.m */ = {isa = PBXFileReference; fileEncoding = 4; lastKnownFileType = sourcecode.c.objc; path = DeleFocusCell.m; sourceTree = "<group>"; };
		4F3BB22934BE7E4E8BE3234B /* libPods-her..a */ = {isa = PBXFileReference; explicitFileType = archive.ar; includeInIndex = 0; path = "libPods-her..a"; sourceTree = BUILT_PRODUCTS_DIR; };
		D3379CA09F54DCF5D93A5FD9 /* Pods-her..release.xcconfig */ = {isa = PBXFileReference; includeInIndex = 1; lastKnownFileType = text.xcconfig; name = "Pods-her..release.xcconfig"; path = "Pods/Target Support Files/Pods-her./Pods-her..release.xcconfig"; sourceTree = "<group>"; };
/* End PBXFileReference section */

/* Begin PBXFrameworksBuildPhase section */
		0476474D1E2F59FC00642581 /* Frameworks */ = {
			isa = PBXFrameworksBuildPhase;
			buildActionMask = 2147483647;
			files = (
				0EFEAE75863C75FB57ADB519 /* libPods-her..a in Frameworks */,
			);
			runOnlyForDeploymentPostprocessing = 0;
		};
/* End PBXFrameworksBuildPhase section */

/* Begin PBXGroup section */
		047647471E2F59FC00642581 = {
			isa = PBXGroup;
			children = (
				047647521E2F59FC00642581 /* her. */,
				047647511E2F59FC00642581 /* Products */,
				BFAFC111DAAF220A527C1005 /* Pods */,
				CAEA72734FAB7D9FE00A01BB /* Frameworks */,
			);
			sourceTree = "<group>";
		};
		047647511E2F59FC00642581 /* Products */ = {
			isa = PBXGroup;
			children = (
				047647501E2F59FC00642581 /* her..app */,
			);
			name = Products;
			sourceTree = "<group>";
		};
		047647521E2F59FC00642581 /* her. */ = {
			isa = PBXGroup;
			children = (
				0476476A1E2F618A00642581 /* herClasses */,
				047647531E2F59FC00642581 /* Supporting Files */,
			);
			path = her.;
			sourceTree = "<group>";
		};
		047647531E2F59FC00642581 /* Supporting Files */ = {
			isa = PBXGroup;
			children = (
				0476475C1E2F59FD00642581 /* Main.storyboard */,
				0476475F1E2F59FD00642581 /* Assets.xcassets */,
				047647611E2F59FD00642581 /* LaunchScreen.storyboard */,
			);
			name = "Supporting Files";
			sourceTree = "<group>";
		};
		0476476A1E2F618A00642581 /* herClasses */ = {
			isa = PBXGroup;
			children = (
				0476476B1E2F618A00642581 /* Chat */,
				0476477A1E2F618A00642581 /* ThreeChat */,
				0476476F1E2F618A00642581 /* Main */,
				047647731E2F618A00642581 /* Other */,
				0476477E1E2F618A00642581 /* Vender */,
			);
			path = herClasses;
			sourceTree = "<group>";
		};
		0476476B1E2F618A00642581 /* Chat */ = {
			isa = PBXGroup;
			children = (
				0476476C1E2F618A00642581 /* Models */,
				0476476D1E2F618A00642581 /* Vcs */,
				0476476E1E2F618A00642581 /* Views */,
			);
			path = Chat;
			sourceTree = "<group>";
		};
		0476476C1E2F618A00642581 /* Models */ = {
			isa = PBXGroup;
			children = (
			);
			path = Models;
			sourceTree = "<group>";
		};
		0476476D1E2F618A00642581 /* Vcs */ = {
			isa = PBXGroup;
			children = (
				047647971E2F69FC00642581 /* TwoChatroomVc.h */,
				047647981E2F69FC00642581 /* TwoChatroomVc.m */,
				412135D71E48704D0084D966 /* ReportViewController.h */,
				412135D81E48704D0084D966 /* ReportViewController.m */,
			);
			path = Vcs;
			sourceTree = "<group>";
		};
		0476476E1E2F618A00642581 /* Views */ = {
			isa = PBXGroup;
			children = (
				4115868B1E4960C9004AAC81 /* TwoChatToolView.h */,
				4115868C1E4960C9004AAC81 /* TwoChatToolView.m */,
				41F8B4881E5A9B6D006E83B4 /* 关注的人列表 */,
				413716D51E5AF5D70001F251 /* ChangeSoundAnimationView.h */,
				413716D61E5AF5D70001F251 /* ChangeSoundAnimationView.m */,
				413716D81E5AFC350001F251 /* SliderCutSongView.h */,
				413716D91E5AFC350001F251 /* SliderCutSongView.m */,
			);
			path = Views;
			sourceTree = "<group>";
		};
		0476476F1E2F618A00642581 /* Main */ = {
			isa = PBXGroup;
			children = (
				047647711E2F618A00642581 /* Vcs */,
				047647701E2F618A00642581 /* Models */,
				047647721E2F618A00642581 /* Views */,
			);
			path = Main;
			sourceTree = "<group>";
		};
		047647701E2F618A00642581 /* Models */ = {
			isa = PBXGroup;
			children = (
				4114978A1E45BCCD000F4DA4 /* HerUserInfo.h */,
				4114978B1E45BCCD000F4DA4 /* HerUserInfo.m */,
			);
			path = Models;
			sourceTree = "<group>";
		};
		047647711E2F618A00642581 /* Vcs */ = {
			isa = PBXGroup;
			children = (
				047647911E2F679800642581 /* MainViewController.h */,
				047647921E2F679800642581 /* MainViewController.m */,
				411497841E45BC7B000F4DA4 /* OldPlayerViewController.h */,
				411497851E45BC7B000F4DA4 /* OldPlayerViewController.m */,
			);
			path = Vcs;
			sourceTree = "<group>";
		};
		047647721E2F618A00642581 /* Views */ = {
			isa = PBXGroup;
			children = (
				0476479D1E2F6A4E00642581 /* HerNameView.h */,
				0476479E1E2F6A4E00642581 /* HerNameView.m */,
				047647FC1E2F7C6D00642581 /* ShowHintView.h */,
				047647FD1E2F7C6D00642581 /* ShowHintView.m */,
				047648031E30559E00642581 /* HerTipsView.h */,
				047648041E30559E00642581 /* HerTipsView.m */,
				412135D61E4855540084D966 /* 关注的人tableview */,
				41854A6D1E48119A00B91BD0 /* LookHerAgainView.h */,
				41854A6E1E48119A00B91BD0 /* LookHerAgainView.m */,
				418DCB3B1E4854B800035FC6 /* 系统提示tableview */,
				411586821E48937B004AAC81 /* FindAnimationView.h */,
				411586831E48937B004AAC81 /* FindAnimationView.m */,
				411586851E489585004AAC81 /* FindingView.h */,
				411586861E489585004AAC81 /* FindingView.m */,
			);
			path = Views;
			sourceTree = "<group>";
		};
		047647731E2F618A00642581 /* Other */ = {
			isa = PBXGroup;
			children = (
				047647741E2F618A00642581 /* AppDelegate.h */,
				047647751E2F618A00642581 /* AppDelegate.m */,
				047647761E2F618A00642581 /* Info.plist */,
				047647771E2F618A00642581 /* main.m */,
				047647781E2F618A00642581 /* ViewController.h */,
				047647791E2F618A00642581 /* ViewController.m */,
				047647831E2F642100642581 /* herPCH.pch */,
			);
			path = Other;
			sourceTree = "<group>";
		};
		0476477A1E2F618A00642581 /* ThreeChat */ = {
			isa = PBXGroup;
			children = (
				0476477B1E2F618A00642581 /* Models */,
				0476477C1E2F618A00642581 /* Vcs */,
				0476477D1E2F618A00642581 /* Views */,
			);
			path = ThreeChat;
			sourceTree = "<group>";
		};
		0476477B1E2F618A00642581 /* Models */ = {
			isa = PBXGroup;
			children = (
			);
			path = Models;
			sourceTree = "<group>";
		};
		0476477C1E2F618A00642581 /* Vcs */ = {
			isa = PBXGroup;
			children = (
				0476479A1E2F6A0C00642581 /* ThreeChatroomVc.h */,
				0476479B1E2F6A0C00642581 /* ThreeChatroomVc.m */,
				41854A701E4822AA00B91BD0 /* FightFailedViewController.h */,
				41854A711E4822AA00B91BD0 /* FightFailedViewController.m */,
			);
			path = Vcs;
			sourceTree = "<group>";
		};
		0476477D1E2F618A00642581 /* Views */ = {
			isa = PBXGroup;
			children = (
			);
			path = Views;
			sourceTree = "<group>";
		};
		0476477E1E2F618A00642581 /* Vender */ = {
			isa = PBXGroup;
			children = (
				047647FF1E2F7E7F00642581 /* Category */,
				047647841E2F674200642581 /* Base */,
			);
			path = Vender;
			sourceTree = "<group>";
		};
		047647841E2F674200642581 /* Base */ = {
			isa = PBXGroup;
			children = (
				047647851E2F674200642581 /* BaseModels */,
				047647861E2F674200642581 /* BaseVcs */,
				047647871E2F674200642581 /* BaseViews */,
			);
			path = Base;
			sourceTree = "<group>";
		};
		047647851E2F674200642581 /* BaseModels */ = {
			isa = PBXGroup;
			children = (
				0476478B1E2F676A00642581 /* BaseModel.h */,
				0476478C1E2F676A00642581 /* BaseModel.m */,
			);
			path = BaseModels;
			sourceTree = "<group>";
		};
		047647861E2F674200642581 /* BaseVcs */ = {
			isa = PBXGroup;
			children = (
				047647881E2F675C00642581 /* BaseViewController.h */,
				047647891E2F675C00642581 /* BaseViewController.m */,
			);
			path = BaseVcs;
			sourceTree = "<group>";
		};
		047647871E2F674200642581 /* BaseViews */ = {
			isa = PBXGroup;
			children = (
				0476478E1E2F677C00642581 /* BaseView.h */,
				0476478F1E2F677C00642581 /* BaseView.m */,
				413716DB1E5AFE660001F251 /* HUDBaseView.h */,
				413716DC1E5AFE660001F251 /* HUDBaseView.m */,
			);
			path = BaseViews;
			sourceTree = "<group>";
		};
		047647FF1E2F7E7F00642581 /* Category */ = {
			isa = PBXGroup;
			children = (
				047648001E2F7EA900642581 /* UIColor+Colors.h */,
				047648011E2F7EA900642581 /* UIColor+Colors.m */,
				047648061E3058F300642581 /* UIImage+Images.h */,
				047648071E3058F300642581 /* UIImage+Images.m */,
			);
			path = Category;
			sourceTree = "<group>";
		};
		412135D61E4855540084D966 /* 关注的人tableview */ = {
			isa = PBXGroup;
			children = (
				41ED79DD1E30E05100488730 /* FriendsView.h */,
				41ED79DE1E30E05100488730 /* FriendsView.m */,
				4114978D1E45C002000F4DA4 /* FriendsCell.h */,
				4114978E1E45C002000F4DA4 /* FriendsCell.m */,
			);
			name = "关注的人tableview";
			sourceTree = "<group>";
		};
		418DCB3B1E4854B800035FC6 /* 系统提示tableview */ = {
			isa = PBXGroup;
			children = (
				41854A731E4823E200B91BD0 /* SystemMessageTableView.h */,
				41854A741E4823E200B91BD0 /* SystemMessageTableView.m */,
				418DCB381E4852F400035FC6 /* SMTableViewInterceptor.h */,
				418DCB391E4852F400035FC6 /* SMTableViewInterceptor.m */,
				41854A761E48240B00B91BD0 /* SystemMessageTableViewCell.h */,
				41854A771E48240B00B91BD0 /* SystemMessageTableViewCell.m */,
			);
			name = "系统提示tableview";
			sourceTree = "<group>";
		};
		41F8B4881E5A9B6D006E83B4 /* 关注的人列表 */ = {
			isa = PBXGroup;
			children = (
				41156CA61E4AB4E400B5C498 /* ChatFocusListView.h */,
				41156CA71E4AB4E400B5C498 /* ChatFocusListView.m */,
				41F8B47B1E5A9111006E83B4 /* AddFocusCell.h */,
				41F8B47C1E5A9111006E83B4 /* AddFocusCell.m */,
				41F8B4831E5A914D006E83B4 /* DeleFocusCell.h */,
				41F8B4841E5A914D006E83B4 /* DeleFocusCell.m */,
			);
			name = "关注的人列表";
			sourceTree = "<group>";
		};
		BFAFC111DAAF220A527C1005 /* Pods */ = {
			isa = PBXGroup;
			children = (
				308C48C2EF02293DD8509C18 /* Pods-her..debug.xcconfig */,
				D3379CA09F54DCF5D93A5FD9 /* Pods-her..release.xcconfig */,
			);
			name = Pods;
			sourceTree = "<group>";
		};
		CAEA72734FAB7D9FE00A01BB /* Frameworks */ = {
			isa = PBXGroup;
			children = (
				4F3BB22934BE7E4E8BE3234B /* libPods-her..a */,
			);
			name = Frameworks;
			sourceTree = "<group>";
		};
/* End PBXGroup section */

/* Begin PBXNativeTarget section */
		0476474F1E2F59FC00642581 /* her. */ = {
			isa = PBXNativeTarget;
			buildConfigurationList = 047647671E2F59FD00642581 /* Build configuration list for PBXNativeTarget "her." */;
			buildPhases = (
				294C1EFB74C3BAC1AF22D6E3 /* [CP] Check Pods Manifest.lock */,
				0476474C1E2F59FC00642581 /* Sources */,
				0476474D1E2F59FC00642581 /* Frameworks */,
				0476474E1E2F59FC00642581 /* Resources */,
				E7225285A79C03976D1C8F72 /* [CP] Embed Pods Frameworks */,
				4B9B77180E4F0BBE1B3B5BB9 /* [CP] Copy Pods Resources */,
			);
			buildRules = (
			);
			dependencies = (
			);
			name = her.;
			productName = her.;
			productReference = 047647501E2F59FC00642581 /* her..app */;
			productType = "com.apple.product-type.application";
		};
/* End PBXNativeTarget section */

/* Begin PBXProject section */
		047647481E2F59FC00642581 /* Project object */ = {
			isa = PBXProject;
			attributes = {
				LastUpgradeCheck = 0720;
				ORGANIZATIONNAME = LXq;
				TargetAttributes = {
					0476474F1E2F59FC00642581 = {
						CreatedOnToolsVersion = 7.2;
						ProvisioningStyle = Manual;
					};
				};
			};
			buildConfigurationList = 0476474B1E2F59FC00642581 /* Build configuration list for PBXProject "her." */;
			compatibilityVersion = "Xcode 3.2";
			developmentRegion = English;
			hasScannedForEncodings = 0;
			knownRegions = (
				en,
				Base,
			);
			mainGroup = 047647471E2F59FC00642581;
			productRefGroup = 047647511E2F59FC00642581 /* Products */;
			projectDirPath = "";
			projectRoot = "";
			targets = (
				0476474F1E2F59FC00642581 /* her. */,
			);
		};
/* End PBXProject section */

/* Begin PBXResourcesBuildPhase section */
		0476474E1E2F59FC00642581 /* Resources */ = {
			isa = PBXResourcesBuildPhase;
			buildActionMask = 2147483647;
			files = (
				047647801E2F618A00642581 /* Info.plist in Resources */,
				047647631E2F59FD00642581 /* LaunchScreen.storyboard in Resources */,
				047647601E2F59FD00642581 /* Assets.xcassets in Resources */,
				0476475E1E2F59FD00642581 /* Main.storyboard in Resources */,
			);
			runOnlyForDeploymentPostprocessing = 0;
		};
/* End PBXResourcesBuildPhase section */

/* Begin PBXShellScriptBuildPhase section */
		294C1EFB74C3BAC1AF22D6E3 /* [CP] Check Pods Manifest.lock */ = {
			isa = PBXShellScriptBuildPhase;
			buildActionMask = 2147483647;
			files = (
			);
			inputPaths = (
			);
			name = "[CP] Check Pods Manifest.lock";
			outputPaths = (
			);
			runOnlyForDeploymentPostprocessing = 0;
			shellPath = /bin/sh;
			shellScript = "diff \"${PODS_ROOT}/../Podfile.lock\" \"${PODS_ROOT}/Manifest.lock\" > /dev/null\nif [[ $? != 0 ]] ; then\n    cat << EOM\nerror: The sandbox is not in sync with the Podfile.lock. Run 'pod install' or update your CocoaPods installation.\nEOM\n    exit 1\nfi\n";
			showEnvVarsInLog = 0;
		};
		4B9B77180E4F0BBE1B3B5BB9 /* [CP] Copy Pods Resources */ = {
			isa = PBXShellScriptBuildPhase;
			buildActionMask = 2147483647;
			files = (
			);
			inputPaths = (
			);
			name = "[CP] Copy Pods Resources";
			outputPaths = (
			);
			runOnlyForDeploymentPostprocessing = 0;
			shellPath = /bin/sh;
			shellScript = "\"${SRCROOT}/Pods/Target Support Files/Pods-her./Pods-her.-resources.sh\"\n";
			showEnvVarsInLog = 0;
		};
		E7225285A79C03976D1C8F72 /* [CP] Embed Pods Frameworks */ = {
			isa = PBXShellScriptBuildPhase;
			buildActionMask = 2147483647;
			files = (
			);
			inputPaths = (
			);
			name = "[CP] Embed Pods Frameworks";
			outputPaths = (
			);
			runOnlyForDeploymentPostprocessing = 0;
			shellPath = /bin/sh;
			shellScript = "\"${SRCROOT}/Pods/Target Support Files/Pods-her./Pods-her.-frameworks.sh\"\n";
			showEnvVarsInLog = 0;
		};
/* End PBXShellScriptBuildPhase section */

/* Begin PBXSourcesBuildPhase section */
		0476474C1E2F59FC00642581 /* Sources */ = {
			isa = PBXSourcesBuildPhase;
			buildActionMask = 2147483647;
			files = (
				418DCB3A1E4852F400035FC6 /* SMTableViewInterceptor.m in Sources */,
				41156CA81E4AB4E400B5C498 /* ChatFocusListView.m in Sources */,
				047648051E30559F00642581 /* HerTipsView.m in Sources */,
				047648081E3058F300642581 /* UIImage+Images.m in Sources */,
				047647821E2F618A00642581 /* ViewController.m in Sources */,
				047648021E2F7EA900642581 /* UIColor+Colors.m in Sources */,
				41854A721E4822AA00B91BD0 /* FightFailedViewController.m in Sources */,
				0476479F1E2F6A4E00642581 /* HerNameView.m in Sources */,
				0476479C1E2F6A0C00642581 /* ThreeChatroomVc.m in Sources */,
				411586871E489585004AAC81 /* FindingView.m in Sources */,
				0476478A1E2F675C00642581 /* BaseViewController.m in Sources */,
				413716DD1E5AFE660001F251 /* HUDBaseView.m in Sources */,
				411586841E48937B004AAC81 /* FindAnimationView.m in Sources */,
				41F8B47E1E5A9111006E83B4 /* AddFocusCell.m in Sources */,
				41854A781E48240B00B91BD0 /* SystemMessageTableViewCell.m in Sources */,
				4114978F1E45C002000F4DA4 /* FriendsCell.m in Sources */,
				413716DA1E5AFC350001F251 /* SliderCutSongView.m in Sources */,
				41ED79DF1E30E05100488730 /* FriendsView.m in Sources */,
				4115868D1E4960C9004AAC81 /* TwoChatToolView.m in Sources */,
				047647991E2F69FC00642581 /* TwoChatroomVc.m in Sources */,
				047647811E2F618A00642581 /* main.m in Sources */,
				0476478D1E2F676A00642581 /* BaseModel.m in Sources */,
				047647931E2F679800642581 /* MainViewController.m in Sources */,
				41854A6F1E48119A00B91BD0 /* LookHerAgainView.m in Sources */,
				41854A751E4823E200B91BD0 /* SystemMessageTableView.m in Sources */,
				4114978C1E45BCCD000F4DA4 /* HerUserInfo.m in Sources */,
				41F8B4861E5A914D006E83B4 /* DeleFocusCell.m in Sources */,
				047647FE1E2F7C6D00642581 /* ShowHintView.m in Sources */,
				412135D91E48704D0084D966 /* ReportViewController.m in Sources */,
				413716D71E5AF5D70001F251 /* ChangeSoundAnimationView.m in Sources */,
				0476477F1E2F618A00642581 /* AppDelegate.m in Sources */,
				047647901E2F677C00642581 /* BaseView.m in Sources */,
				411497861E45BC7B000F4DA4 /* OldPlayerViewController.m in Sources */,
			);
			runOnlyForDeploymentPostprocessing = 0;
		};
/* End PBXSourcesBuildPhase section */

/* Begin PBXVariantGroup section */
		0476475C1E2F59FD00642581 /* Main.storyboard */ = {
			isa = PBXVariantGroup;
			children = (
				0476475D1E2F59FD00642581 /* Base */,
			);
			name = Main.storyboard;
			sourceTree = "<group>";
		};
		047647611E2F59FD00642581 /* LaunchScreen.storyboard */ = {
			isa = PBXVariantGroup;
			children = (
				047647621E2F59FD00642581 /* Base */,
			);
			name = LaunchScreen.storyboard;
			sourceTree = "<group>";
		};
/* End PBXVariantGroup section */

/* Begin XCBuildConfiguration section */
		047647651E2F59FD00642581 /* Debug */ = {
			isa = XCBuildConfiguration;
			buildSettings = {
				ALWAYS_SEARCH_USER_PATHS = NO;
				CLANG_CXX_LANGUAGE_STANDARD = "gnu++0x";
				CLANG_CXX_LIBRARY = "libc++";
				CLANG_ENABLE_MODULES = YES;
				CLANG_ENABLE_OBJC_ARC = YES;
				CLANG_WARN_BOOL_CONVERSION = YES;
				CLANG_WARN_CONSTANT_CONVERSION = YES;
				CLANG_WARN_DIRECT_OBJC_ISA_USAGE = YES_ERROR;
				CLANG_WARN_EMPTY_BODY = YES;
				CLANG_WARN_ENUM_CONVERSION = YES;
				CLANG_WARN_INT_CONVERSION = YES;
				CLANG_WARN_OBJC_ROOT_CLASS = YES_ERROR;
				CLANG_WARN_UNREACHABLE_CODE = YES;
				CLANG_WARN__DUPLICATE_METHOD_MATCH = YES;
				"CODE_SIGN_IDENTITY[sdk=iphoneos*]" = "iPhone Developer";
				COPY_PHASE_STRIP = NO;
				DEBUG_INFORMATION_FORMAT = dwarf;
				ENABLE_STRICT_OBJC_MSGSEND = YES;
				ENABLE_TESTABILITY = YES;
				GCC_C_LANGUAGE_STANDARD = gnu99;
				GCC_DYNAMIC_NO_PIC = NO;
				GCC_NO_COMMON_BLOCKS = YES;
				GCC_OPTIMIZATION_LEVEL = 0;
				GCC_PREPROCESSOR_DEFINITIONS = (
					"DEBUG=1",
					"$(inherited)",
				);
				GCC_WARN_64_TO_32_BIT_CONVERSION = YES;
				GCC_WARN_ABOUT_RETURN_TYPE = YES_ERROR;
				GCC_WARN_UNDECLARED_SELECTOR = YES;
				GCC_WARN_UNINITIALIZED_AUTOS = YES_AGGRESSIVE;
				GCC_WARN_UNUSED_FUNCTION = YES;
				GCC_WARN_UNUSED_VARIABLE = YES;
				IPHONEOS_DEPLOYMENT_TARGET = 9.2;
				MTL_ENABLE_DEBUG_INFO = YES;
				ONLY_ACTIVE_ARCH = YES;
				SDKROOT = iphoneos;
			};
			name = Debug;
		};
		047647661E2F59FD00642581 /* Release */ = {
			isa = XCBuildConfiguration;
			buildSettings = {
				ALWAYS_SEARCH_USER_PATHS = NO;
				CLANG_CXX_LANGUAGE_STANDARD = "gnu++0x";
				CLANG_CXX_LIBRARY = "libc++";
				CLANG_ENABLE_MODULES = YES;
				CLANG_ENABLE_OBJC_ARC = YES;
				CLANG_WARN_BOOL_CONVERSION = YES;
				CLANG_WARN_CONSTANT_CONVERSION = YES;
				CLANG_WARN_DIRECT_OBJC_ISA_USAGE = YES_ERROR;
				CLANG_WARN_EMPTY_BODY = YES;
				CLANG_WARN_ENUM_CONVERSION = YES;
				CLANG_WARN_INT_CONVERSION = YES;
				CLANG_WARN_OBJC_ROOT_CLASS = YES_ERROR;
				CLANG_WARN_UNREACHABLE_CODE = YES;
				CLANG_WARN__DUPLICATE_METHOD_MATCH = YES;
				"CODE_SIGN_IDENTITY[sdk=iphoneos*]" = "iPhone Developer";
				COPY_PHASE_STRIP = NO;
				DEBUG_INFORMATION_FORMAT = "dwarf-with-dsym";
				ENABLE_NS_ASSERTIONS = NO;
				ENABLE_STRICT_OBJC_MSGSEND = YES;
				GCC_C_LANGUAGE_STANDARD = gnu99;
				GCC_NO_COMMON_BLOCKS = YES;
				GCC_WARN_64_TO_32_BIT_CONVERSION = YES;
				GCC_WARN_ABOUT_RETURN_TYPE = YES_ERROR;
				GCC_WARN_UNDECLARED_SELECTOR = YES;
				GCC_WARN_UNINITIALIZED_AUTOS = YES_AGGRESSIVE;
				GCC_WARN_UNUSED_FUNCTION = YES;
				GCC_WARN_UNUSED_VARIABLE = YES;
				IPHONEOS_DEPLOYMENT_TARGET = 9.2;
				MTL_ENABLE_DEBUG_INFO = NO;
				SDKROOT = iphoneos;
				VALIDATE_PRODUCT = YES;
			};
			name = Release;
		};
		047647681E2F59FD00642581 /* Debug */ = {
			isa = XCBuildConfiguration;
			baseConfigurationReference = 308C48C2EF02293DD8509C18 /* Pods-her..debug.xcconfig */;
			buildSettings = {
				ASSETCATALOG_COMPILER_APPICON_NAME = AppIcon;
				DEVELOPMENT_TEAM = "";
				GCC_PREFIX_HEADER = "$(SRCROOT)/her./herClasses/Other/herPCH.pch";
				INFOPLIST_FILE = "$(SRCROOT)/her./herClasses/Other/Info.plist";
				IPHONEOS_DEPLOYMENT_TARGET = 8.0;
				LD_RUNPATH_SEARCH_PATHS = "$(inherited) @executable_path/Frameworks";
				PRODUCT_BUNDLE_IDENTIFIER = "com.Myself.her-";
				PRODUCT_NAME = "$(TARGET_NAME)";
			};
			name = Debug;
		};
		047647691E2F59FD00642581 /* Release */ = {
			isa = XCBuildConfiguration;
			baseConfigurationReference = D3379CA09F54DCF5D93A5FD9 /* Pods-her..release.xcconfig */;
			buildSettings = {
				ASSETCATALOG_COMPILER_APPICON_NAME = AppIcon;
				DEVELOPMENT_TEAM = "";
				GCC_PREFIX_HEADER = "$(SRCROOT)/her./herClasses/Other/herPCH.pch";
				INFOPLIST_FILE = "$(SRCROOT)/her./herClasses/Other/Info.plist";
				IPHONEOS_DEPLOYMENT_TARGET = 8.0;
				LD_RUNPATH_SEARCH_PATHS = "$(inherited) @executable_path/Frameworks";
				PRODUCT_BUNDLE_IDENTIFIER = "com.Myself.her-";
				PRODUCT_NAME = "$(TARGET_NAME)";
			};
			name = Release;
		};
/* End XCBuildConfiguration section */

/* Begin XCConfigurationList section */
		0476474B1E2F59FC00642581 /* Build configuration list for PBXProject "her." */ = {
			isa = XCConfigurationList;
			buildConfigurations = (
				047647651E2F59FD00642581 /* Debug */,
				047647661E2F59FD00642581 /* Release */,
			);
			defaultConfigurationIsVisible = 0;
			defaultConfigurationName = Release;
		};
		047647671E2F59FD00642581 /* Build configuration list for PBXNativeTarget "her." */ = {
			isa = XCConfigurationList;
			buildConfigurations = (
				047647681E2F59FD00642581 /* Debug */,
				047647691E2F59FD00642581 /* Release */,
			);
			defaultConfigurationIsVisible = 0;
			defaultConfigurationName = Release;
		};
/* End XCConfigurationList section */
	};
	rootObject = 047647481E2F59FC00642581 /* Project object */;
}
